{
  "name": "ts-node-lib-starter",
  "version": "1.0.0",
  "lockfileVersion": 1,
  "requires": true,
  "dependencies": {
    "@types/node": {
      "version": "12.7.6",
      "resolved": "https://registry.npmjs.org/@types/node/-/node-12.7.6.tgz",
      "integrity": "sha512-+lUz75GKlq6JKTigPUKd3Op8AZrnaoCut5S0jkjMZAw+i6eRTaM6vtytl/wfSxXyx+GPRTG2NUcbQWgiinnKng==",
      "dev": true
    },
    "typescript": {
      "version": "3.6.3",
      "resolved": "https://registry.npmjs.org/typescript/-/typescript-3.6.3.tgz",
      "integrity": "sha512-N7bceJL1CtRQ2RiG0AQME13ksR7DiuQh/QehubYcghzv20tnh+MQnQIuJddTmsbqYj+dztchykemz0zFzlvdQw==",
      "dev": true
    }
  }
}
